// !$*UTF8*$!
{
	archiveVersion = 1;
	classes = {
	};
	objectVersion = 48;
	objects = {

/* Begin PBXBuildFile section */
		11E27645577515CE205A192E /* Pods_SKArchitekkt_Example.framework in Frameworks */ = {isa = PBXBuildFile; fileRef = AA645252A31F2614C598AD5B /* Pods_SKArchitekkt_Example.framework */; };
		5DCAC358221884D60020B403 /* Application.swift in Sources */ = {isa = PBXBuildFile; fileRef = 5DCAC351221884D50020B403 /* Application.swift */; };
		5DCAC359221884D60020B403 /* MacOSProject.swift in Sources */ = {isa = PBXBuildFile; fileRef = 5DCAC354221884D50020B403 /* MacOSProject.swift */; };
		5DCAC35A221884D60020B403 /* IOSProject.swift in Sources */ = {isa = PBXBuildFile; fileRef = 5DCAC355221884D50020B403 /* IOSProject.swift */; };
		5DCAC35B221884D60020B403 /* Ressource.swift in Sources */ = {isa = PBXBuildFile; fileRef = 5DCAC356221884D50020B403 /* Ressource.swift */; };
		5DCAC35E221885F60020B403 /* HelperFunctions.swift in Sources */ = {isa = PBXBuildFile; fileRef = 5DCAC35C221885F60020B403 /* HelperFunctions.swift */; };
		5DCAC35F221885F60020B403 /* UITests.swift in Sources */ = {isa = PBXBuildFile; fileRef = 5DCAC35D221885F60020B403 /* UITests.swift */; };
		5DCAC3602218861C0020B403 /* MacOSProject.swift in Sources */ = {isa = PBXBuildFile; fileRef = 5DCAC354221884D50020B403 /* MacOSProject.swift */; };
		5DCAC3612218861F0020B403 /* IOSProject.swift in Sources */ = {isa = PBXBuildFile; fileRef = 5DCAC355221884D50020B403 /* IOSProject.swift */; };
		5DCAC362221886360020B403 /* Ressource.swift in Sources */ = {isa = PBXBuildFile; fileRef = 5DCAC356221884D50020B403 /* Ressource.swift */; };
		ED83F67C20348A760038D96B /* AppDelegate.swift in Sources */ = {isa = PBXBuildFile; fileRef = ED83F67B20348A760038D96B /* AppDelegate.swift */; };
/* End PBXBuildFile section */

/* Begin PBXContainerItemProxy section */
		5DCAC34B221881E80020B403 /* PBXContainerItemProxy */ = {
			isa = PBXContainerItemProxy;
			containerPortal = ED83F67020348A760038D96B /* Project object */;
			proxyType = 1;
			remoteGlobalIDString = ED83F67720348A760038D96B;
			remoteInfo = SKArchitekkt_Example;
		};
/* End PBXContainerItemProxy section */

/* Begin PBXFileReference section */
		031FD035F2E40E17AE322241 /* SKArchitekkt.podspec */ = {isa = PBXFileReference; includeInIndex = 1; lastKnownFileType = text; name = SKArchitekkt.podspec; path = ../SKArchitekkt.podspec; sourceTree = "<group>"; xcLanguageSpecificationIdentifier = xcode.lang.ruby; };
		0D5A9EE917E7E136F3EB03C7 /* README.md */ = {isa = PBXFileReference; includeInIndex = 1; lastKnownFileType = net.daringfireball.markdown; name = README.md; path = ../README.md; sourceTree = "<group>"; };
		5DCAC346221881E80020B403 /* UITests.xctest */ = {isa = PBXFileReference; explicitFileType = wrapper.cfbundle; includeInIndex = 0; path = UITests.xctest; sourceTree = BUILT_PRODUCTS_DIR; };
		5DCAC34A221881E80020B403 /* Info.plist */ = {isa = PBXFileReference; lastKnownFileType = text.plist.xml; path = Info.plist; sourceTree = "<group>"; };
		5DCAC351221884D50020B403 /* Application.swift */ = {isa = PBXFileReference; fileEncoding = 4; lastKnownFileType = sourcecode.swift; path = Application.swift; sourceTree = "<group>"; };
		5DCAC354221884D50020B403 /* MacOSProject.swift */ = {isa = PBXFileReference; fileEncoding = 4; lastKnownFileType = sourcecode.swift; path = MacOSProject.swift; sourceTree = "<group>"; };
		5DCAC355221884D50020B403 /* IOSProject.swift */ = {isa = PBXFileReference; fileEncoding = 4; lastKnownFileType = sourcecode.swift; path = IOSProject.swift; sourceTree = "<group>"; };
		5DCAC356221884D50020B403 /* Ressource.swift */ = {isa = PBXFileReference; fileEncoding = 4; lastKnownFileType = sourcecode.swift; path = Ressource.swift; sourceTree = "<group>"; };
		5DCAC35C221885F60020B403 /* HelperFunctions.swift */ = {isa = PBXFileReference; fileEncoding = 4; lastKnownFileType = sourcecode.swift; path = HelperFunctions.swift; sourceTree = "<group>"; };
		5DCAC35D221885F60020B403 /* UITests.swift */ = {isa = PBXFileReference; fileEncoding = 4; lastKnownFileType = sourcecode.swift; path = UITests.swift; sourceTree = "<group>"; };
		784B3F4A7C554089EC1DC078 /* Pods-SKArchitekkt_Example.release.xcconfig */ = {isa = PBXFileReference; includeInIndex = 1; lastKnownFileType = text.xcconfig; name = "Pods-SKArchitekkt_Example.release.xcconfig"; path = "Target Support Files/Pods-SKArchitekkt_Example/Pods-SKArchitekkt_Example.release.xcconfig"; sourceTree = "<group>"; };
		AA645252A31F2614C598AD5B /* Pods_SKArchitekkt_Example.framework */ = {isa = PBXFileReference; explicitFileType = wrapper.framework; includeInIndex = 0; path = Pods_SKArchitekkt_Example.framework; sourceTree = BUILT_PRODUCTS_DIR; };
		BB1598F99E5A01037C27B6CC /* Pods_UITests.framework */ = {isa = PBXFileReference; explicitFileType = wrapper.framework; includeInIndex = 0; path = Pods_UITests.framework; sourceTree = BUILT_PRODUCTS_DIR; };
		C0363D80DC56FB6D0B56A65B /* Pods-SKArchitekkt_Example.debug.xcconfig */ = {isa = PBXFileReference; includeInIndex = 1; lastKnownFileType = text.xcconfig; name = "Pods-SKArchitekkt_Example.debug.xcconfig"; path = "Target Support Files/Pods-SKArchitekkt_Example/Pods-SKArchitekkt_Example.debug.xcconfig"; sourceTree = "<group>"; };
		ED83F67820348A760038D96B /* SKArchitekkt_Example.app */ = {isa = PBXFileReference; explicitFileType = wrapper.application; includeInIndex = 0; path = SKArchitekkt_Example.app; sourceTree = BUILT_PRODUCTS_DIR; };
		ED83F67B20348A760038D96B /* AppDelegate.swift */ = {isa = PBXFileReference; lastKnownFileType = sourcecode.swift; path = AppDelegate.swift; sourceTree = "<group>"; };
		ED83F68420348A760038D96B /* Info.plist */ = {isa = PBXFileReference; lastKnownFileType = text.plist.xml; path = Info.plist; sourceTree = "<group>"; };
		ED83F68520348A760038D96B /* SKArchitekkt.entitlements */ = {isa = PBXFileReference; lastKnownFileType = text.plist.entitlements; path = SKArchitekkt.entitlements; sourceTree = "<group>"; };
/* End PBXFileReference section */

/* Begin PBXFrameworksBuildPhase section */
		5DCAC343221881E80020B403 /* Frameworks */ = {
			isa = PBXFrameworksBuildPhase;
			buildActionMask = 2147483647;
			files = (
			);
			runOnlyForDeploymentPostprocessing = 0;
		};
		ED83F67520348A760038D96B /* Frameworks */ = {
			isa = PBXFrameworksBuildPhase;
			buildActionMask = 2147483647;
			files = (
				11E27645577515CE205A192E /* Pods_SKArchitekkt_Example.framework in Frameworks */,
			);
			runOnlyForDeploymentPostprocessing = 0;
		};
/* End PBXFrameworksBuildPhase section */

/* Begin PBXGroup section */
		2C90BF8DA00669A813E62D46 /* Frameworks */ = {
			isa = PBXGroup;
			children = (
				AA645252A31F2614C598AD5B /* Pods_SKArchitekkt_Example.framework */,
				BB1598F99E5A01037C27B6CC /* Pods_UITests.framework */,
			);
			name = Frameworks;
			sourceTree = "<group>";
		};
		5DCAC347221881E80020B403 /* UITests */ = {
			isa = PBXGroup;
			children = (
				5DCAC35C221885F60020B403 /* HelperFunctions.swift */,
				5DCAC35D221885F60020B403 /* UITests.swift */,
				5DCAC34A221881E80020B403 /* Info.plist */,
			);
			path = UITests;
			sourceTree = "<group>";
		};
		5DCAC352221884D50020B403 /* Ressources */ = {
			isa = PBXGroup;
			children = (
				5DCAC356221884D50020B403 /* Ressource.swift */,
				5DCAC353221884D50020B403 /* macOS */,
				5DCAC357221884D50020B403 /* iOS */,
			);
			path = Ressources;
			sourceTree = "<group>";
		};
		5DCAC353221884D50020B403 /* macOS */ = {
			isa = PBXGroup;
			children = (
				5DCAC354221884D50020B403 /* MacOSProject.swift */,
			);
			path = macOS;
			sourceTree = "<group>";
		};
		5DCAC357221884D50020B403 /* iOS */ = {
			isa = PBXGroup;
			children = (
				5DCAC355221884D50020B403 /* IOSProject.swift */,
			);
			path = iOS;
			sourceTree = "<group>";
		};
		607A26E560DE7C8294F7551F /* Pods */ = {
			isa = PBXGroup;
			children = (
				C0363D80DC56FB6D0B56A65B /* Pods-SKArchitekkt_Example.debug.xcconfig */,
				784B3F4A7C554089EC1DC078 /* Pods-SKArchitekkt_Example.release.xcconfig */,
			);
			path = Pods;
			sourceTree = "<group>";
		};
		ED83F66F20348A760038D96B = {
			isa = PBXGroup;
			children = (
				ED83F69A20348B650038D96B /* Podspec Metadata */,
				ED83F67A20348A760038D96B /* SKArchitekkt */,
				5DCAC347221881E80020B403 /* UITests */,
				ED83F67920348A760038D96B /* Products */,
				607A26E560DE7C8294F7551F /* Pods */,
				2C90BF8DA00669A813E62D46 /* Frameworks */,
			);
			sourceTree = "<group>";
		};
		ED83F67920348A760038D96B /* Products */ = {
			isa = PBXGroup;
			children = (
				ED83F67820348A760038D96B /* SKArchitekkt_Example.app */,
				5DCAC346221881E80020B403 /* UITests.xctest */,
			);
			name = Products;
			sourceTree = "<group>";
		};
		ED83F67A20348A760038D96B /* SKArchitekkt */ = {
			isa = PBXGroup;
			children = (
				5DCAC351221884D50020B403 /* Application.swift */,
				ED83F67B20348A760038D96B /* AppDelegate.swift */,
				5DCAC352221884D50020B403 /* Ressources */,
				ED83F68420348A760038D96B /* Info.plist */,
				ED83F68520348A760038D96B /* SKArchitekkt.entitlements */,
			);
			path = SKArchitekkt;
			sourceTree = "<group>";
		};
		ED83F69A20348B650038D96B /* Podspec Metadata */ = {
			isa = PBXGroup;
			children = (
				031FD035F2E40E17AE322241 /* SKArchitekkt.podspec */,
				0D5A9EE917E7E136F3EB03C7 /* README.md */,
			);
			name = "Podspec Metadata";
			sourceTree = "<group>";
		};
/* End PBXGroup section */

/* Begin PBXNativeTarget section */
		5DCAC345221881E80020B403 /* UITests */ = {
			isa = PBXNativeTarget;
			buildConfigurationList = 5DCAC34F221881E80020B403 /* Build configuration list for PBXNativeTarget "UITests" */;
			buildPhases = (
				5DCAC342221881E80020B403 /* Sources */,
				5DCAC343221881E80020B403 /* Frameworks */,
				5DCAC344221881E80020B403 /* Resources */,
			);
			buildRules = (
			);
			dependencies = (
				5DCAC34C221881E80020B403 /* PBXTargetDependency */,
			);
			name = UITests;
			productName = UITests;
			productReference = 5DCAC346221881E80020B403 /* UITests.xctest */;
			productType = "com.apple.product-type.bundle.ui-testing";
		};
		ED83F67720348A760038D96B /* SKArchitekkt_Example */ = {
			isa = PBXNativeTarget;
			buildConfigurationList = ED83F69320348A760038D96B /* Build configuration list for PBXNativeTarget "SKArchitekkt_Example" */;
			buildPhases = (
				5CB31ED69F456DFFE53B75FD /* [CP] Check Pods Manifest.lock */,
				ED83F67420348A760038D96B /* Sources */,
				ED83F67520348A760038D96B /* Frameworks */,
				ED83F67620348A760038D96B /* Resources */,
				F42D0766B3FC1759E83BC325 /* [CP] Embed Pods Frameworks */,
			);
			buildRules = (
			);
			dependencies = (
			);
			name = SKArchitekkt_Example;
			productName = SKArchitekkt;
			productReference = ED83F67820348A760038D96B /* SKArchitekkt_Example.app */;
			productType = "com.apple.product-type.application";
		};
/* End PBXNativeTarget section */

/* Begin PBXProject section */
		ED83F67020348A760038D96B /* Project object */ = {
			isa = PBXProject;
			attributes = {
				LastSwiftUpdateCheck = 1020;
				LastUpgradeCheck = 1140;
				ORGANIZATIONNAME = CocoaPods;
				TargetAttributes = {
					5DCAC345221881E80020B403 = {
						CreatedOnToolsVersion = 10.2;
						LastSwiftMigration = 1020;
						ProvisioningStyle = Automatic;
						TestTargetID = ED83F67720348A760038D96B;
					};
					ED83F67720348A760038D96B = {
						CreatedOnToolsVersion = 9.0;
						LastSwiftMigration = 1020;
						ProvisioningStyle = Automatic;
						SystemCapabilities = {
							com.apple.ApplicationGroups.Mac = {
								enabled = 0;
							};
							com.apple.Sandbox = {
								enabled = 0;
							};
						};
					};
				};
			};
			buildConfigurationList = ED83F67320348A760038D96B /* Build configuration list for PBXProject "SKArchitekkt" */;
			compatibilityVersion = "Xcode 8.0";
			developmentRegion = en;
			hasScannedForEncodings = 0;
			knownRegions = (
				en,
				Base,
			);
			mainGroup = ED83F66F20348A760038D96B;
			productRefGroup = ED83F67920348A760038D96B /* Products */;
			projectDirPath = "";
			projectRoot = "";
			targets = (
				ED83F67720348A760038D96B /* SKArchitekkt_Example */,
				5DCAC345221881E80020B403 /* UITests */,
			);
		};
/* End PBXProject section */

/* Begin PBXResourcesBuildPhase section */
		5DCAC344221881E80020B403 /* Resources */ = {
			isa = PBXResourcesBuildPhase;
			buildActionMask = 2147483647;
			files = (
			);
			runOnlyForDeploymentPostprocessing = 0;
		};
		ED83F67620348A760038D96B /* Resources */ = {
			isa = PBXResourcesBuildPhase;
			buildActionMask = 2147483647;
			files = (
			);
			runOnlyForDeploymentPostprocessing = 0;
		};
/* End PBXResourcesBuildPhase section */

/* Begin PBXShellScriptBuildPhase section */
		5CB31ED69F456DFFE53B75FD /* [CP] Check Pods Manifest.lock */ = {
			isa = PBXShellScriptBuildPhase;
			buildActionMask = 2147483647;
			files = (
			);
			inputFileListPaths = (
			);
			inputPaths = (
				"${PODS_PODFILE_DIR_PATH}/Podfile.lock",
				"${PODS_ROOT}/Manifest.lock",
			);
			name = "[CP] Check Pods Manifest.lock";
			outputFileListPaths = (
			);
			outputPaths = (
				"$(DERIVED_FILE_DIR)/Pods-SKArchitekkt_Example-checkManifestLockResult.txt",
			);
			runOnlyForDeploymentPostprocessing = 0;
			shellPath = /bin/sh;
			shellScript = "diff \"${PODS_PODFILE_DIR_PATH}/Podfile.lock\" \"${PODS_ROOT}/Manifest.lock\" > /dev/null\nif [ $? != 0 ] ; then\n    # print error to STDERR\n    echo \"error: The sandbox is not in sync with the Podfile.lock. Run 'pod install' or update your CocoaPods installation.\" >&2\n    exit 1\nfi\n# This output is used by Xcode 'outputs' to avoid re-running this script phase.\necho \"SUCCESS\" > \"${SCRIPT_OUTPUT_FILE_0}\"\n";
			showEnvVarsInLog = 0;
		};
		F42D0766B3FC1759E83BC325 /* [CP] Embed Pods Frameworks */ = {
			isa = PBXShellScriptBuildPhase;
			buildActionMask = 2147483647;
			files = (
			);
			inputPaths = (
				"${PODS_ROOT}/Target Support Files/Pods-SKArchitekkt_Example/Pods-SKArchitekkt_Example-frameworks.sh",
				"${BUILT_PRODUCTS_DIR}/CoreArchitekkt/CoreArchitekkt.framework",
				"${BUILT_PRODUCTS_DIR}/SKArchitekkt/SKArchitekkt.framework",
			);
			name = "[CP] Embed Pods Frameworks";
			outputPaths = (
				"${TARGET_BUILD_DIR}/${FRAMEWORKS_FOLDER_PATH}/CoreArchitekkt.framework",
				"${TARGET_BUILD_DIR}/${FRAMEWORKS_FOLDER_PATH}/SKArchitekkt.framework",
			);
			runOnlyForDeploymentPostprocessing = 0;
			shellPath = /bin/sh;
			shellScript = "\"${PODS_ROOT}/Target Support Files/Pods-SKArchitekkt_Example/Pods-SKArchitekkt_Example-frameworks.sh\"\n";
			showEnvVarsInLog = 0;
		};
/* End PBXShellScriptBuildPhase section */

/* Begin PBXSourcesBuildPhase section */
		5DCAC342221881E80020B403 /* Sources */ = {
			isa = PBXSourcesBuildPhase;
			buildActionMask = 2147483647;
			files = (
				5DCAC3602218861C0020B403 /* MacOSProject.swift in Sources */,
				5DCAC362221886360020B403 /* Ressource.swift in Sources */,
				5DCAC3612218861F0020B403 /* IOSProject.swift in Sources */,
				5DCAC35E221885F60020B403 /* HelperFunctions.swift in Sources */,
				5DCAC35F221885F60020B403 /* UITests.swift in Sources */,
			);
			runOnlyForDeploymentPostprocessing = 0;
		};
		ED83F67420348A760038D96B /* Sources */ = {
			isa = PBXSourcesBuildPhase;
			buildActionMask = 2147483647;
			files = (
				5DCAC359221884D60020B403 /* MacOSProject.swift in Sources */,
				5DCAC35B221884D60020B403 /* Ressource.swift in Sources */,
				5DCAC35A221884D60020B403 /* IOSProject.swift in Sources */,
				5DCAC358221884D60020B403 /* Application.swift in Sources */,
				ED83F67C20348A760038D96B /* AppDelegate.swift in Sources */,
			);
			runOnlyForDeploymentPostprocessing = 0;
		};
/* End PBXSourcesBuildPhase section */

/* Begin PBXTargetDependency section */
		5DCAC34C221881E80020B403 /* PBXTargetDependency */ = {
			isa = PBXTargetDependency;
			target = ED83F67720348A760038D96B /* SKArchitekkt_Example */;
			targetProxy = 5DCAC34B221881E80020B403 /* PBXContainerItemProxy */;
		};
/* End PBXTargetDependency section */

/* Begin XCBuildConfiguration section */
		5DCAC34D221881E80020B403 /* Debug */ = {
			isa = XCBuildConfiguration;
			buildSettings = {
				CLANG_ENABLE_MODULES = YES;
				CLANG_ENABLE_OBJC_WEAK = YES;
				CODE_SIGN_IDENTITY = "Mac Developer";
				CODE_SIGN_STYLE = Automatic;
				COMBINE_HIDPI_IMAGES = YES;
				DEVELOPMENT_TEAM = 2PCRQN2RNW;
				INFOPLIST_FILE = UITests/Info.plist;
				LD_RUNPATH_SEARCH_PATHS = "$(inherited) @executable_path/../Frameworks @loader_path/../Frameworks";
				MTL_ENABLE_DEBUG_INFO = INCLUDE_SOURCE;
				MTL_FAST_MATH = YES;
				PRODUCT_BUNDLE_IDENTIFIER = StephanLerner.UITests;
				PRODUCT_NAME = "$(TARGET_NAME)";
				SWIFT_OPTIMIZATION_LEVEL = "-Onone";
				SWIFT_VERSION = 5.0;
				TEST_TARGET_NAME = SKArchitekkt_Example;
			};
			name = Debug;
		};
		5DCAC34E221881E80020B403 /* Release */ = {
			isa = XCBuildConfiguration;
			buildSettings = {
				CLANG_ENABLE_MODULES = YES;
				CLANG_ENABLE_OBJC_WEAK = YES;
				CODE_SIGN_IDENTITY = "Mac Developer";
				CODE_SIGN_STYLE = Automatic;
				COMBINE_HIDPI_IMAGES = YES;
				DEVELOPMENT_TEAM = 2PCRQN2RNW;
				INFOPLIST_FILE = UITests/Info.plist;
				LD_RUNPATH_SEARCH_PATHS = "$(inherited) @executable_path/../Frameworks @loader_path/../Frameworks";
				MTL_FAST_MATH = YES;
				PRODUCT_BUNDLE_IDENTIFIER = StephanLerner.UITests;
				PRODUCT_NAME = "$(TARGET_NAME)";
				SWIFT_VERSION = 5.0;
				TEST_TARGET_NAME = SKArchitekkt_Example;
			};
			name = Release;
		};
		ED83F69120348A760038D96B /* Debug */ = {
			isa = XCBuildConfiguration;
			buildSettings = {
				ALWAYS_SEARCH_USER_PATHS = NO;
				CLANG_ANALYZER_NONNULL = YES;
				CLANG_ANALYZER_NUMBER_OBJECT_CONVERSION = YES_AGGRESSIVE;
				CLANG_CXX_LANGUAGE_STANDARD = "gnu++14";
				CLANG_CXX_LIBRARY = "libc++";
				CLANG_ENABLE_MODULES = YES;
				CLANG_ENABLE_OBJC_ARC = YES;
				CLANG_WARN_BLOCK_CAPTURE_AUTORELEASING = YES;
				CLANG_WARN_BOOL_CONVERSION = YES;
				CLANG_WARN_COMMA = YES;
				CLANG_WARN_CONSTANT_CONVERSION = YES;
				CLANG_WARN_DEPRECATED_OBJC_IMPLEMENTATIONS = YES;
				CLANG_WARN_DIRECT_OBJC_ISA_USAGE = YES_ERROR;
				CLANG_WARN_DOCUMENTATION_COMMENTS = YES;
				CLANG_WARN_EMPTY_BODY = YES;
				CLANG_WARN_ENUM_CONVERSION = YES;
				CLANG_WARN_INFINITE_RECURSION = YES;
				CLANG_WARN_INT_CONVERSION = YES;
				CLANG_WARN_NON_LITERAL_NULL_CONVERSION = YES;
				CLANG_WARN_OBJC_IMPLICIT_RETAIN_SELF = YES;
				CLANG_WARN_OBJC_LITERAL_CONVERSION = YES;
				CLANG_WARN_OBJC_ROOT_CLASS = YES_ERROR;
				CLANG_WARN_RANGE_LOOP_ANALYSIS = YES;
				CLANG_WARN_STRICT_PROTOTYPES = YES;
				CLANG_WARN_SUSPICIOUS_MOVE = YES;
				CLANG_WARN_UNGUARDED_AVAILABILITY = YES_AGGRESSIVE;
				CLANG_WARN_UNREACHABLE_CODE = YES;
				CLANG_WARN__DUPLICATE_METHOD_MATCH = YES;
				CODE_SIGN_IDENTITY = "-";
				COPY_PHASE_STRIP = NO;
				DEBUG_INFORMATION_FORMAT = dwarf;
				ENABLE_STRICT_OBJC_MSGSEND = YES;
				ENABLE_TESTABILITY = YES;
				GCC_C_LANGUAGE_STANDARD = gnu11;
				GCC_DYNAMIC_NO_PIC = NO;
				GCC_NO_COMMON_BLOCKS = YES;
				GCC_OPTIMIZATION_LEVEL = 0;
				GCC_PREPROCESSOR_DEFINITIONS = (
					"DEBUG=1",
					"$(inherited)",
				);
				GCC_WARN_64_TO_32_BIT_CONVERSION = YES;
				GCC_WARN_ABOUT_RETURN_TYPE = YES_ERROR;
				GCC_WARN_UNDECLARED_SELECTOR = YES;
				GCC_WARN_UNINITIALIZED_AUTOS = YES_AGGRESSIVE;
				GCC_WARN_UNUSED_FUNCTION = YES;
				GCC_WARN_UNUSED_VARIABLE = YES;
				MACOSX_DEPLOYMENT_TARGET = 10.14;
				MTL_ENABLE_DEBUG_INFO = YES;
				ONLY_ACTIVE_ARCH = YES;
				SDKROOT = macosx;
				SWIFT_ACTIVE_COMPILATION_CONDITIONS = DEBUG;
				SWIFT_OPTIMIZATION_LEVEL = "-Onone";
			};
			name = Debug;
		};
		ED83F69220348A760038D96B /* Release */ = {
			isa = XCBuildConfiguration;
			buildSettings = {
				ALWAYS_SEARCH_USER_PATHS = NO;
				CLANG_ANALYZER_NONNULL = YES;
				CLANG_ANALYZER_NUMBER_OBJECT_CONVERSION = YES_AGGRESSIVE;
				CLANG_CXX_LANGUAGE_STANDARD = "gnu++14";
				CLANG_CXX_LIBRARY = "libc++";
				CLANG_ENABLE_MODULES = YES;
				CLANG_ENABLE_OBJC_ARC = YES;
				CLANG_WARN_BLOCK_CAPTURE_AUTORELEASING = YES;
				CLANG_WARN_BOOL_CONVERSION = YES;
				CLANG_WARN_COMMA = YES;
				CLANG_WARN_CONSTANT_CONVERSION = YES;
				CLANG_WARN_DEPRECATED_OBJC_IMPLEMENTATIONS = YES;
				CLANG_WARN_DIRECT_OBJC_ISA_USAGE = YES_ERROR;
				CLANG_WARN_DOCUMENTATION_COMMENTS = YES;
				CLANG_WARN_EMPTY_BODY = YES;
				CLANG_WARN_ENUM_CONVERSION = YES;
				CLANG_WARN_INFINITE_RECURSION = YES;
				CLANG_WARN_INT_CONVERSION = YES;
				CLANG_WARN_NON_LITERAL_NULL_CONVERSION = YES;
				CLANG_WARN_OBJC_IMPLICIT_RETAIN_SELF = YES;
				CLANG_WARN_OBJC_LITERAL_CONVERSION = YES;
				CLANG_WARN_OBJC_ROOT_CLASS = YES_ERROR;
				CLANG_WARN_RANGE_LOOP_ANALYSIS = YES;
				CLANG_WARN_STRICT_PROTOTYPES = YES;
				CLANG_WARN_SUSPICIOUS_MOVE = YES;
				CLANG_WARN_UNGUARDED_AVAILABILITY = YES_AGGRESSIVE;
				CLANG_WARN_UNREACHABLE_CODE = YES;
				CLANG_WARN__DUPLICATE_METHOD_MATCH = YES;
				CODE_SIGN_IDENTITY = "-";
				COPY_PHASE_STRIP = NO;
				DEBUG_INFORMATION_FORMAT = "dwarf-with-dsym";
				ENABLE_NS_ASSERTIONS = NO;
				ENABLE_STRICT_OBJC_MSGSEND = YES;
				GCC_C_LANGUAGE_STANDARD = gnu11;
				GCC_NO_COMMON_BLOCKS = YES;
				GCC_WARN_64_TO_32_BIT_CONVERSION = YES;
				GCC_WARN_ABOUT_RETURN_TYPE = YES_ERROR;
				GCC_WARN_UNDECLARED_SELECTOR = YES;
				GCC_WARN_UNINITIALIZED_AUTOS = YES_AGGRESSIVE;
				GCC_WARN_UNUSED_FUNCTION = YES;
				GCC_WARN_UNUSED_VARIABLE = YES;
				MACOSX_DEPLOYMENT_TARGET = 10.14;
				MTL_ENABLE_DEBUG_INFO = NO;
				SDKROOT = macosx;
				SWIFT_OPTIMIZATION_LEVEL = "-Owholemodule";
			};
			name = Release;
		};
		ED83F69420348A760038D96B /* Debug */ = {
			isa = XCBuildConfiguration;
			baseConfigurationReference = C0363D80DC56FB6D0B56A65B /* Pods-SKArchitekkt_Example.debug.xcconfig */;
			buildSettings = {
				ASSETCATALOG_COMPILER_APPICON_NAME = AppIcon;
				CODE_SIGN_ENTITLEMENTS = "";
				CODE_SIGN_IDENTITY = "-";
				CODE_SIGN_STYLE = Automatic;
				COMBINE_HIDPI_IMAGES = YES;
				INFOPLIST_FILE = SKArchitekkt/Info.plist;
				LD_RUNPATH_SEARCH_PATHS = "$(inherited) @executable_path/../Frameworks";
				PRODUCT_BUNDLE_IDENTIFIER = org.cocoapods.demo.SKArchitekkt;
				PRODUCT_NAME = "$(TARGET_NAME)";
				SWIFT_VERSION = 5.0;
			};
			name = Debug;
		};
		ED83F69520348A760038D96B /* Release */ = {
			isa = XCBuildConfiguration;
			baseConfigurationReference = 784B3F4A7C554089EC1DC078 /* Pods-SKArchitekkt_Example.release.xcconfig */;
			buildSettings = {
				ASSETCATALOG_COMPILER_APPICON_NAME = AppIcon;
				CODE_SIGN_ENTITLEMENTS = "";
				CODE_SIGN_IDENTITY = "-";
				CODE_SIGN_STYLE = Automatic;
				COMBINE_HIDPI_IMAGES = YES;
				INFOPLIST_FILE = SKArchitekkt/Info.plist;
				LD_RUNPATH_SEARCH_PATHS = "$(inherited) @executable_path/../Frameworks";
				PRODUCT_BUNDLE_IDENTIFIER = org.cocoapods.demo.SKArchitekkt;
				PRODUCT_NAME = "$(TARGET_NAME)";
				SWIFT_VERSION = 5.0;
			};
			name = Release;
		};
/* End XCBuildConfiguration section */

/* Begin XCConfigurationList section */
		5DCAC34F221881E80020B403 /* Build configuration list for PBXNativeTarget "UITests" */ = {
			isa = XCConfigurationList;
			buildConfigurations = (
				5DCAC34D221881E80020B403 /* Debug */,
				5DCAC34E221881E80020B403 /* Release */,
			);
			defaultConfigurationIsVisible = 0;
			defaultConfigurationName = Release;
		};
		ED83F67320348A760038D96B /* Build configuration list for PBXProject "SKArchitekkt" */ = {
			isa = XCConfigurationList;
			buildConfigurations = (
				ED83F69120348A760038D96B /* Debug */,
				ED83F69220348A760038D96B /* Release */,
			);
			defaultConfigurationIsVisible = 0;
			defaultConfigurationName = Release;
		};
		ED83F69320348A760038D96B /* Build configuration list for PBXNativeTarget "SKArchitekkt_Example" */ = {
			isa = XCConfigurationList;
			buildConfigurations = (
				ED83F69420348A760038D96B /* Debug */,
				ED83F69520348A760038D96B /* Release */,
			);
			defaultConfigurationIsVisible = 0;
			defaultConfigurationName = Release;
		};
/* End XCConfigurationList section */
	};
	rootObject = ED83F67020348A760038D96B /* Project object */;
}
