PODS:
  - CoreArchitekkt (0.1.58)
  - SKArchitekkt (0.1.33):
    - CoreArchitekkt

DEPENDENCIES:
  - SKArchitekkt (from `../`)

SPEC REPOS:
  https://github.com/Lausbert/PodSpecsArchitekkt:
    - CoreArchitekkt

EXTERNAL SOURCES:
  SKArchitekkt:
    :path: "../"

SPEC CHECKSUMS:
  CoreArchitekkt: 6a070b5645d5ca60be7629e524c29e97fa64bb4d
  SKArchitekkt: 2063c5a47e209b9147ba500ad313c741387fc6a5

PODFILE CHECKSUM: fb14f7d0af4549105e21279b1c6a96076959bf67

COCOAPODS: 1.9.1
