PODS:
  - CoreArchitekkt (0.1.61)
  - SKArchitekkt (0.1.37):
    - CoreArchitekkt

DEPENDENCIES:
  - SKArchitekkt (from `../`)

SPEC REPOS:
  https://github.com/Lausbert/PodSpecsArchitekkt:
    - CoreArchitekkt

EXTERNAL SOURCES:
  SKArchitekkt:
    :path: "../"

SPEC CHECKSUMS:
  CoreArchitekkt: 6c5a027317776f4f11879cc67aca08d93ba6bc78
  SKArchitekkt: e7d47a426b1850c71d599d11fa5d3e8b3b21bde3

PODFILE CHECKSUM: fb14f7d0af4549105e21279b1c6a96076959bf67

COCOAPODS: 1.9.1
