PODS:
  - CoreArchitekkt (0.1.23)
  - SKArchitekkt (0.1.4):
    - CoreArchitekkt

DEPENDENCIES:
  - SKArchitekkt (from `../`)

SPEC REPOS:
  https://github.com/Lausbert/PodSpecsArchitekkt:
    - CoreArchitekkt

EXTERNAL SOURCES:
  SKArchitekkt:
    :path: "../"

SPEC CHECKSUMS:
  CoreArchitekkt: d9c7831859c798bf6d69022d08d45b596e95415e
  SKArchitekkt: c443ffdbff6daa70419f3e025bfaf93a8ec45f55

PODFILE CHECKSUM: caa0cc4ecc0e188d27fc795de996e8ab16ae7cac

COCOAPODS: 1.6.1
